Microsoft Visual Studio Solution File, Format Version 12.00
# Visual Studio Version 17
VisualStudioVersion = 17.14.36518.9
MinimumVisualStudioVersion = 10.0.40219.1
Project("{FAE04EC0-301F-11D3-BF4B-00C04F79EFBC}") = "WarChronicle.Web", "WarChronicle.Web\WarChronicle.Web.csproj", "{9E2BBEF1-1814-4A92-86F2-8EE0FA36C0AB}"
EndProject
Project("{FAE04EC0-301F-11D3-BF4B-00C04F79EFBC}") = "WarChronicle.Pages", "WarChronicle.Pages\WarChronicle.Pages.csproj", "{C5A9DAB1-8262-4F61-91A7-8D2E74A15B14}"
EndProject
Global
    GlobalSection(SolutionConfigurationPlatforms) = preSolution
        Debug|Any CPU = Debug|Any CPU
        Release|Any CPU = Release|Any CPU
    EndGlobalSection
    GlobalSection(ProjectConfigurationPlatforms) = postSolution
        {9E2BBEF1-1814-4A92-86F2-8EE0FA36C0AB}.Debug|Any CPU.ActiveCfg = Debug|Any CPU
        {9E2BBEF1-1814-4A92-86F2-8EE0FA36C0AB}.Debug|Any CPU.Build.0 = Debug|Any CPU
        {9E2BBEF1-1814-4A92-86F2-8EE0FA36C0AB}.Release|Any CPU.ActiveCfg = Release|Any CPU
        {9E2BBEF1-1814-4A92-86F2-8EE0FA36C0AB}.Release|Any CPU.Build.0 = Release|Any CPU
    EndGlobalSection
EndGlobal
